schema: '2.0'
stages:
  visualizacion:
    cmd: python src/generar_visualizaciones.py
    deps:
    - path: data/raw/datos_creditos.csv
      hash: md5
      md5: 3b26edd22e8827f890d7cd32efe475b7
      size: 663047
    - path: data/raw/datos_tarjetas.csv
      hash: md5
      md5: 9e197c893925601cd447c81256e8cf07
      size: 845190
    - path: src/generar_visualizaciones.py
      hash: md5
      md5: 3b683451709a6bbb9e17a552ef2fec7b
      size: 5301
    - path: src/utils.py
      hash: md5
      md5: a2d6133e38351bd8c5b0b9ecc231f934
      size: 562
    outs:
    - path: reports/figures
      hash: md5
      md5: ad1bd9bdc28ab5e95518e680c475cc97.dir
      size: 273942
      nfiles: 5
    - path: reports/resumen_datos.md
      hash: md5
      md5: 682b3e009ef731954368e65b5682a5e2
      size: 1643
  validacion_calidad:
    cmd: python src/validar_calidad.py
    deps:
    - path: data/raw/datos_creditos.csv
      hash: md5
      md5: 3b26edd22e8827f890d7cd32efe475b7
      size: 663047
    - path: data/raw/datos_tarjetas.csv
      hash: md5
      md5: 9e197c893925601cd447c81256e8cf07
      size: 845190
    - path: src/utils.py
      hash: md5
      md5: a2d6133e38351bd8c5b0b9ecc231f934
      size: 562
    - path: src/validar_calidad.py
      hash: md5
      md5: 208b0bb27f0c98940f937c974596ced9
      size: 7936
    outs:
    - path: reports/calidad_datos.csv
      hash: md5
      md5: c0a9c5188b179769a2db1cb1e046dbc0
      size: 1966
    - path: reports/calidad_datos.json
      hash: md5
      md5: 843e2238c9f5cc69a41e493537d30753
      size: 4275
    - path: reports/calidad_datos.md
      hash: md5
      md5: 09fddb0a65f184fb8583ea9754a98ae8
      size: 5194
  preparacion_datos:
    cmd: python src/preparar_datos.py
    deps:
    - path: data/raw/datos_creditos.csv
      hash: md5
      md5: 3b26edd22e8827f890d7cd32efe475b7
      size: 663047
    - path: data/raw/datos_tarjetas.csv
      hash: md5
      md5: 9e197c893925601cd447c81256e8cf07
      size: 845190
    - path: reports/calidad_datos.md
      hash: md5
      md5: 09fddb0a65f184fb8583ea9754a98ae8
      size: 5194
    - path: src/preparar_datos.py
      hash: md5
      md5: cecd51859683c8f530b5a39e6ae2855a
      size: 4809
    - path: src/utils.py
      hash: md5
      md5: a2d6133e38351bd8c5b0b9ecc231f934
      size: 562
    outs:
    - path: data/processed/datos_integrados.csv
      hash: md5
      md5: 306ebb533f2ac49f6e7bd8e6ca4a718e
      size: 1400264
    - path: reports/preparacion_datos.md
      hash: md5
      md5: de2c487ac9b7d2bae37c2c05bde43ac3
      size: 1153
  modelado:
    cmd: python src/entrenar_modelos.py
    deps:
    - path: data/processed/datos_integrados.csv
      hash: md5
      md5: 306ebb533f2ac49f6e7bd8e6ca4a718e
      size: 1400264
    - path: src/entrenar_modelos.py
      hash: md5
      md5: 1cb948d8941f9071f83dd639f6f6a3b6
      size: 14913
    - path: src/utils.py
      hash: md5
      md5: a2d6133e38351bd8c5b0b9ecc231f934
      size: 562
    outs:
    - path: models/modelo_metadata.json
      hash: md5
      md5: 42e76e226d518e9fc0b0befe6b24bfd4
      size: 1961
    - path: models/modelo_mora.pkl
      hash: md5
      md5: cb1eb742bc6173b2c3a9967b6cffd8b1
      size: 6742
    - path: reports/metricas_modelo.json
      hash: md5
      md5: 45e1785a9a59cd09a288dd7a1f287d40
      size: 1785
    - path: reports/model_figures/06_matriz_confusion_modelo.png
      hash: md5
      md5: 80e7804befa9a11739388ca46035ae6b
      size: 30672
    - path: reports/model_figures/07_comparacion_modelos_f1.png
      hash: md5
      md5: cc668f693d2742d5e5dc3700724ad2c1
      size: 37020
    - path: reports/modelado.md
      hash: md5
      md5: d4ce380a324c3b038aed2bd19f7d2eef
      size: 2285
    - path: reports/modelos_comparacion.csv
      hash: md5
      md5: d699b2efb5acd1a39c0c975d0bde7a64
      size: 1247
  evaluacion_modelo:
    cmd: python src/evaluar_modelo.py
    deps:
    - path: models/modelo_mora.pkl
      hash: md5
      md5: cb1eb742bc6173b2c3a9967b6cffd8b1
      size: 6742
    - path: reports/metricas_modelo.json
      hash: md5
      md5: 45e1785a9a59cd09a288dd7a1f287d40
      size: 1785
    - path: src/evaluar_modelo.py
      hash: md5
      md5: df8f5c646ef0915d0b54a56b68864427
      size: 2384
    - path: src/utils.py
      hash: md5
      md5: a2d6133e38351bd8c5b0b9ecc231f934
      size: 562
    outs:
    - path: reports/evaluacion_modelo.md
      hash: md5
      md5: ee7fa7a2141fa0de5b790147a4123b00
      size: 1004
  test_modelo:
    cmd: python -m pytest -q
    deps:
    - path: models/modelo_metadata.json
      hash: md5
      md5: 42e76e226d518e9fc0b0befe6b24bfd4
      size: 1961
    - path: models/modelo_mora.pkl
      hash: md5
      md5: cb1eb742bc6173b2c3a9967b6cffd8b1
      size: 6742
    - path: reports/metricas_modelo.json
      hash: md5
      md5: 45e1785a9a59cd09a288dd7a1f287d40
      size: 1785
    - path: tests/test_modelo.py
      hash: md5
      md5: 67a3dd135d694a5bb2da0f5be4d910e1
      size: 1135
